
Microsoft Visual Studio Solution File, Format Version 12.00
# Visual Studio Version 17
VisualStudioVersion = 17.7.34018.315
MinimumVisualStudioVersion = 10.0.40219.1
Project("{8BC9CEB8-8B4A-11D0-8D11-00A0C91BC942}") = "PacMan", "PacMan.vcxproj", "{DBA7E857-3358-4EEE-A79E-EA694AE64234}"
EndProject
Global
	GlobalSection(SolutionConfigurationPlatforms) = preSolution
		Debug|x64 = Debug|x64
		Debug|x86 = Debug|x86
		Release|x64 = Release|x64
		Release|x86 = Release|x86
	EndGlobalSection
	GlobalSection(ProjectConfigurationPlatforms) = postSolution
		{DBA7E857-3358-4EEE-A79E-EA694AE64234}.Debug|x64.ActiveCfg = Debug|x64
		{DBA7E857-3358-4EEE-A79E-EA694AE64234}.Debug|x64.Build.0 = Debug|x64
		{DBA7E857-3358-4EEE-A79E-EA694AE64234}.Debug|x86.ActiveCfg = Debug|Win32
		{DBA7E857-3358-4EEE-A79E-EA694AE64234}.Debug|x86.Build.0 = Debug|Win32
		{DBA7E857-3358-4EEE-A79E-EA694AE64234}.Release|x64.ActiveCfg = Release|x64
		{DBA7E857-3358-4EEE-A79E-EA694AE64234}.Release|x64.Build.0 = Release|x64
		{DBA7E857-3358-4EEE-A79E-EA694AE64234}.Release|x86.ActiveCfg = Release|Win32
		{DBA7E857-3358-4EEE-A79E-EA694AE64234}.Release|x86.Build.0 = Release|Win32
	EndGlobalSection
	GlobalSection(SolutionProperties) = preSolution
		HideSolutionNode = FALSE
	EndGlobalSection
	GlobalSection(ExtensibilityGlobals) = postSolution
		SolutionGuid = {B1AC87C5-5B64-46E0-A8F3-52462EC282D7}
	EndGlobalSection
EndGlobal
